
Microsoft Visual Studio Solution File, Format Version 12.00
# Visual Studio Version 17
VisualStudioVersion = 17.9.34622.214
MinimumVisualStudioVersion = 10.0.40219.1
Project("{9A19103F-16F7-4668-BE54-9A1E7A4F7556}") = "VoiceAttack", "VoiceAttack\VoiceAttack.csproj", "{E3722A2A-AB7E-42AC-8553-218677594D39}"
EndProject
Project("{2150E333-8FDC-42A3-9474-1A3956D46DE8}") = "Solution Items", "Solution Items", "{BC53D786-4A02-4C30-B378-3920F7A1B688}"
	ProjectSection(SolutionItems) = preProject
		.editorconfig = .editorconfig
	EndProjectSection
EndProject
Global
	GlobalSection(SolutionConfigurationPlatforms) = preSolution
		Debug|Any CPU = Debug|Any CPU
		Release|Any CPU = Release|Any CPU
	EndGlobalSection
	GlobalSection(ProjectConfigurationPlatforms) = postSolution
		{E3722A2A-AB7E-42AC-8553-218677594D39}.Debug|Any CPU.ActiveCfg = Debug|Any CPU
		{E3722A2A-AB7E-42AC-8553-218677594D39}.Debug|Any CPU.Build.0 = Debug|Any CPU
		{E3722A2A-AB7E-42AC-8553-218677594D39}.Release|Any CPU.ActiveCfg = Release|Any CPU
		{E3722A2A-AB7E-42AC-8553-218677594D39}.Release|Any CPU.Build.0 = Release|Any CPU
	EndGlobalSection
	GlobalSection(SolutionProperties) = preSolution
		HideSolutionNode = FALSE
	EndGlobalSection
	GlobalSection(ExtensibilityGlobals) = postSolution
		SolutionGuid = {4CF405EE-B012-4D11-9C9F-95FFDAA31B04}
	EndGlobalSection
EndGlobal
